
Microsoft Visual Studio Solution File, Format Version 12.00
# Visual Studio Version 17
VisualStudioVersion = 17.13.35931.197 d17.13
MinimumVisualStudioVersion = 10.0.40219.1
Project("{FAE04EC0-301F-11D3-BF4B-00C04F79EFBC}") = "QuanLyQuyenGop", "QuanLyQuyenGop.csproj", "{99D3D746-2350-46C6-AD45-666E73D1BB78}"
EndProject
Global
	GlobalSection(SolutionConfigurationPlatforms) = preSolution
		Debug|Any CPU = Debug|Any CPU
		Release|Any CPU = Release|Any CPU
	EndGlobalSection
	GlobalSection(ProjectConfigurationPlatforms) = postSolution
		{99D3D746-2350-46C6-AD45-666E73D1BB78}.Debug|Any CPU.ActiveCfg = Debug|Any CPU
		{99D3D746-2350-46C6-AD45-666E73D1BB78}.Debug|Any CPU.Build.0 = Debug|Any CPU
		{99D3D746-2350-46C6-AD45-666E73D1BB78}.Release|Any CPU.ActiveCfg = Release|Any CPU
		{99D3D746-2350-46C6-AD45-666E73D1BB78}.Release|Any CPU.Build.0 = Release|Any CPU
	EndGlobalSection
	GlobalSection(SolutionProperties) = preSolution
		HideSolutionNode = FALSE
	EndGlobalSection
	GlobalSection(ExtensibilityGlobals) = postSolution
		SolutionGuid = {B3EDA8A2-1528-45CF-B278-BDFB66196F3C}
	EndGlobalSection
EndGlobal
